
Microsoft Visual Studio Solution File, Format Version 11.00
# Visual Studio 2010
Project("{FAE04EC0-301F-11D3-BF4B-00C04F79EFBC}") = "TCG.Controls", "TCG.Controls\TCG.Controls.csproj", "{BE1EDC52-B2C1-4469-96AE-522BCD397B8D}"
EndProject
Project("{FAE04EC0-301F-11D3-BF4B-00C04F79EFBC}") = "TCG.Data", "TCG.Data\TCG.Data.csproj", "{322D3EF7-CA07-4138-A8BA-7DE45B1C7262}"
EndProject
Project("{FAE04EC0-301F-11D3-BF4B-00C04F79EFBC}") = "TCG.Utils", "TCG.Utils\TCG.Utils.csproj", "{D2738357-0BA8-4F82-8278-0B88EFB0EF66}"
EndProject
Project("{FAE04EC0-301F-11D3-BF4B-00C04F79EFBC}") = "TCG.Entity", "TCG.Entity\TCG.Entity.csproj", "{B471F2AF-C8E8-49E8-BF11-9BBEEED676FD}"
EndProject
<<<<<<< .mine
=======
Project("{E24C65DC-7377-472B-9ABA-BC803B73C61A}") = "WebUI", "WebUI\", "{BE556A85-DED3-43CA-BBB2-52FA30B380B5}"
	ProjectSection(WebsiteProperties) = preProject
		TargetFrameworkMoniker = ".NETFramework,Version%3Dv4.0"
		ProjectReferences = "{322D3EF7-CA07-4138-A8BA-7DE45B1C7262}|TCG.Data.dll;{D2738357-0BA8-4F82-8278-0B88EFB0EF66}|TCG.Utils.dll;{BE1EDC52-B2C1-4469-96AE-522BCD397B8D}|TCG.Controls.dll;{B471F2AF-C8E8-49E8-BF11-9BBEEED676FD}|TCG.Entity.dll;{E6E783FD-4814-429C-9359-D29B4E9AE24F}|TCG.WebService.dll;{AAB48088-4572-4CFD-BD5A-73E0477DF5D0}|TCG.Manage.dll;{A740596A-E101-4572-9724-512B46B7491E}|TCG.Handlers.dll;{CCEE6ADF-ACAF-480C-9193-304EC5016CD6}|TCG.File.dll;"
		Debug.AspNetCompiler.VirtualPath = "/WebUI"
		Debug.AspNetCompiler.PhysicalPath = "WebUI\"
		Debug.AspNetCompiler.TargetPath = "PrecompiledWeb\WebUI\"
		Debug.AspNetCompiler.Updateable = "true"
		Debug.AspNetCompiler.ForceOverwrite = "true"
		Debug.AspNetCompiler.FixedNames = "false"
		Debug.AspNetCompiler.Debug = "True"
		Release.AspNetCompiler.VirtualPath = "/WebUI"
		Release.AspNetCompiler.PhysicalPath = "WebUI\"
		Release.AspNetCompiler.TargetPath = "PrecompiledWeb\WebUI\"
		Release.AspNetCompiler.Updateable = "true"
		Release.AspNetCompiler.ForceOverwrite = "true"
		Release.AspNetCompiler.FixedNames = "false"
		Release.AspNetCompiler.Debug = "False"
	EndProjectSection
EndProject
>>>>>>> .r337
Project("{FAE04EC0-301F-11D3-BF4B-00C04F79EFBC}") = "TCG.WebService", "TCG.WebService\TCG.WebService.csproj", "{E6E783FD-4814-429C-9359-D29B4E9AE24F}"
EndProject
Project("{FAE04EC0-301F-11D3-BF4B-00C04F79EFBC}") = "TCG.Handlers", "TCG.Handlers\TCG.Handlers.csproj", "{A740596A-E101-4572-9724-512B46B7491E}"
EndProject
Project("{FAE04EC0-301F-11D3-BF4B-00C04F79EFBC}") = "TCG.File", "TCG.File\TCG.File.csproj", "{CCEE6ADF-ACAF-480C-9193-304EC5016CD6}"
EndProject
Project("{FAE04EC0-301F-11D3-BF4B-00C04F79EFBC}") = "TCG.Manage", "TCG.Manage\TCG.Manage.csproj", "{AAB48088-4572-4CFD-BD5A-73E0477DF5D0}"
EndProject
Global
	GlobalSection(SolutionConfigurationPlatforms) = preSolution
		Debug|.NET = Debug|.NET
		Debug|Any CPU = Debug|Any CPU
		Debug|Mixed Platforms = Debug|Mixed Platforms
		Debug|Win32 = Debug|Win32
		Default|.NET = Default|.NET
		Default|Any CPU = Default|Any CPU
		Default|Mixed Platforms = Default|Mixed Platforms
		Default|Win32 = Default|Win32
		Release|.NET = Release|.NET
		Release|Any CPU = Release|Any CPU
		Release|Mixed Platforms = Release|Mixed Platforms
		Release|Win32 = Release|Win32
	EndGlobalSection
	GlobalSection(ProjectConfigurationPlatforms) = postSolution
		{BE1EDC52-B2C1-4469-96AE-522BCD397B8D}.Debug|.NET.ActiveCfg = Debug|Any CPU
		{BE1EDC52-B2C1-4469-96AE-522BCD397B8D}.Debug|Any CPU.ActiveCfg = Debug|Any CPU
		{BE1EDC52-B2C1-4469-96AE-522BCD397B8D}.Debug|Any CPU.Build.0 = Debug|Any CPU
		{BE1EDC52-B2C1-4469-96AE-522BCD397B8D}.Debug|Mixed Platforms.ActiveCfg = Debug|Any CPU
		{BE1EDC52-B2C1-4469-96AE-522BCD397B8D}.Debug|Mixed Platforms.Build.0 = Debug|Any CPU
		{BE1EDC52-B2C1-4469-96AE-522BCD397B8D}.Debug|Win32.ActiveCfg = Debug|Any CPU
		{BE1EDC52-B2C1-4469-96AE-522BCD397B8D}.Default|.NET.ActiveCfg = Debug|Any CPU
		{BE1EDC52-B2C1-4469-96AE-522BCD397B8D}.Default|Any CPU.ActiveCfg = Debug|Any CPU
		{BE1EDC52-B2C1-4469-96AE-522BCD397B8D}.Default|Any CPU.Build.0 = Debug|Any CPU
		{BE1EDC52-B2C1-4469-96AE-522BCD397B8D}.Default|Mixed Platforms.ActiveCfg = Debug|Any CPU
		{BE1EDC52-B2C1-4469-96AE-522BCD397B8D}.Default|Mixed Platforms.Build.0 = Debug|Any CPU
		{BE1EDC52-B2C1-4469-96AE-522BCD397B8D}.Default|Win32.ActiveCfg = Debug|Any CPU
		{BE1EDC52-B2C1-4469-96AE-522BCD397B8D}.Release|.NET.ActiveCfg = Release|Any CPU
		{BE1EDC52-B2C1-4469-96AE-522BCD397B8D}.Release|Any CPU.ActiveCfg = Release|Any CPU
		{BE1EDC52-B2C1-4469-96AE-522BCD397B8D}.Release|Any CPU.Build.0 = Release|Any CPU
		{BE1EDC52-B2C1-4469-96AE-522BCD397B8D}.Release|Mixed Platforms.ActiveCfg = Release|Any CPU
		{BE1EDC52-B2C1-4469-96AE-522BCD397B8D}.Release|Mixed Platforms.Build.0 = Release|Any CPU
		{BE1EDC52-B2C1-4469-96AE-522BCD397B8D}.Release|Win32.ActiveCfg = Release|Any CPU
		{322D3EF7-CA07-4138-A8BA-7DE45B1C7262}.Debug|.NET.ActiveCfg = Debug|Any CPU
		{322D3EF7-CA07-4138-A8BA-7DE45B1C7262}.Debug|Any CPU.ActiveCfg = Debug|Any CPU
		{322D3EF7-CA07-4138-A8BA-7DE45B1C7262}.Debug|Any CPU.Build.0 = Debug|Any CPU
		{322D3EF7-CA07-4138-A8BA-7DE45B1C7262}.Debug|Mixed Platforms.ActiveCfg = Debug|Any CPU
		{322D3EF7-CA07-4138-A8BA-7DE45B1C7262}.Debug|Mixed Platforms.Build.0 = Debug|Any CPU
		{322D3EF7-CA07-4138-A8BA-7DE45B1C7262}.Debug|Win32.ActiveCfg = Debug|Any CPU
		{322D3EF7-CA07-4138-A8BA-7DE45B1C7262}.Default|.NET.ActiveCfg = Debug|Any CPU
		{322D3EF7-CA07-4138-A8BA-7DE45B1C7262}.Default|Any CPU.ActiveCfg = Debug|Any CPU
		{322D3EF7-CA07-4138-A8BA-7DE45B1C7262}.Default|Any CPU.Build.0 = Debug|Any CPU
		{322D3EF7-CA07-4138-A8BA-7DE45B1C7262}.Default|Mixed Platforms.ActiveCfg = Debug|Any CPU
		{322D3EF7-CA07-4138-A8BA-7DE45B1C7262}.Default|Mixed Platforms.Build.0 = Debug|Any CPU
		{322D3EF7-CA07-4138-A8BA-7DE45B1C7262}.Default|Win32.ActiveCfg = Debug|Any CPU
		{322D3EF7-CA07-4138-A8BA-7DE45B1C7262}.Release|.NET.ActiveCfg = Release|Any CPU
		{322D3EF7-CA07-4138-A8BA-7DE45B1C7262}.Release|Any CPU.ActiveCfg = Release|Any CPU
		{322D3EF7-CA07-4138-A8BA-7DE45B1C7262}.Release|Any CPU.Build.0 = Release|Any CPU
		{322D3EF7-CA07-4138-A8BA-7DE45B1C7262}.Release|Mixed Platforms.ActiveCfg = Release|Any CPU
		{322D3EF7-CA07-4138-A8BA-7DE45B1C7262}.Release|Mixed Platforms.Build.0 = Release|Any CPU
		{322D3EF7-CA07-4138-A8BA-7DE45B1C7262}.Release|Win32.ActiveCfg = Release|Any CPU
		{D2738357-0BA8-4F82-8278-0B88EFB0EF66}.Debug|.NET.ActiveCfg = Debug|Any CPU
		{D2738357-0BA8-4F82-8278-0B88EFB0EF66}.Debug|Any CPU.ActiveCfg = Debug|Any CPU
		{D2738357-0BA8-4F82-8278-0B88EFB0EF66}.Debug|Any CPU.Build.0 = Debug|Any CPU
		{D2738357-0BA8-4F82-8278-0B88EFB0EF66}.Debug|Mixed Platforms.ActiveCfg = Debug|Any CPU
		{D2738357-0BA8-4F82-8278-0B88EFB0EF66}.Debug|Mixed Platforms.Build.0 = Debug|Any CPU
		{D2738357-0BA8-4F82-8278-0B88EFB0EF66}.Debug|Win32.ActiveCfg = Debug|Any CPU
		{D2738357-0BA8-4F82-8278-0B88EFB0EF66}.Default|.NET.ActiveCfg = Debug|Any CPU
		{D2738357-0BA8-4F82-8278-0B88EFB0EF66}.Default|Any CPU.ActiveCfg = Debug|Any CPU
		{D2738357-0BA8-4F82-8278-0B88EFB0EF66}.Default|Any CPU.Build.0 = Debug|Any CPU
		{D2738357-0BA8-4F82-8278-0B88EFB0EF66}.Default|Mixed Platforms.ActiveCfg = Debug|Any CPU
		{D2738357-0BA8-4F82-8278-0B88EFB0EF66}.Default|Mixed Platforms.Build.0 = Debug|Any CPU
		{D2738357-0BA8-4F82-8278-0B88EFB0EF66}.Default|Win32.ActiveCfg = Debug|Any CPU
		{D2738357-0BA8-4F82-8278-0B88EFB0EF66}.Release|.NET.ActiveCfg = Release|Any CPU
		{D2738357-0BA8-4F82-8278-0B88EFB0EF66}.Release|Any CPU.ActiveCfg = Release|Any CPU
		{D2738357-0BA8-4F82-8278-0B88EFB0EF66}.Release|Any CPU.Build.0 = Release|Any CPU
		{D2738357-0BA8-4F82-8278-0B88EFB0EF66}.Release|Mixed Platforms.ActiveCfg = Release|Any CPU
		{D2738357-0BA8-4F82-8278-0B88EFB0EF66}.Release|Mixed Platforms.Build.0 = Release|Any CPU
		{D2738357-0BA8-4F82-8278-0B88EFB0EF66}.Release|Win32.ActiveCfg = Release|Any CPU
		{B471F2AF-C8E8-49E8-BF11-9BBEEED676FD}.Debug|.NET.ActiveCfg = Debug|Any CPU
		{B471F2AF-C8E8-49E8-BF11-9BBEEED676FD}.Debug|Any CPU.ActiveCfg = Debug|Any CPU
		{B471F2AF-C8E8-49E8-BF11-9BBEEED676FD}.Debug|Any CPU.Build.0 = Debug|Any CPU
		{B471F2AF-C8E8-49E8-BF11-9BBEEED676FD}.Debug|Mixed Platforms.ActiveCfg = Debug|Any CPU
		{B471F2AF-C8E8-49E8-BF11-9BBEEED676FD}.Debug|Mixed Platforms.Build.0 = Debug|Any CPU
		{B471F2AF-C8E8-49E8-BF11-9BBEEED676FD}.Debug|Win32.ActiveCfg = Debug|Any CPU
		{B471F2AF-C8E8-49E8-BF11-9BBEEED676FD}.Default|.NET.ActiveCfg = Debug|Any CPU
		{B471F2AF-C8E8-49E8-BF11-9BBEEED676FD}.Default|Any CPU.ActiveCfg = Debug|Any CPU
		{B471F2AF-C8E8-49E8-BF11-9BBEEED676FD}.Default|Any CPU.Build.0 = Debug|Any CPU
		{B471F2AF-C8E8-49E8-BF11-9BBEEED676FD}.Default|Mixed Platforms.ActiveCfg = Debug|Any CPU
		{B471F2AF-C8E8-49E8-BF11-9BBEEED676FD}.Default|Mixed Platforms.Build.0 = Debug|Any CPU
		{B471F2AF-C8E8-49E8-BF11-9BBEEED676FD}.Default|Win32.ActiveCfg = Debug|Any CPU
		{B471F2AF-C8E8-49E8-BF11-9BBEEED676FD}.Release|.NET.ActiveCfg = Release|Any CPU
		{B471F2AF-C8E8-49E8-BF11-9BBEEED676FD}.Release|Any CPU.ActiveCfg = Release|Any CPU
		{B471F2AF-C8E8-49E8-BF11-9BBEEED676FD}.Release|Any CPU.Build.0 = Release|Any CPU
		{B471F2AF-C8E8-49E8-BF11-9BBEEED676FD}.Release|Mixed Platforms.ActiveCfg = Release|Any CPU
		{B471F2AF-C8E8-49E8-BF11-9BBEEED676FD}.Release|Mixed Platforms.Build.0 = Release|Any CPU
		{B471F2AF-C8E8-49E8-BF11-9BBEEED676FD}.Release|Win32.ActiveCfg = Release|Any CPU
		{E6E783FD-4814-429C-9359-D29B4E9AE24F}.Debug|.NET.ActiveCfg = Debug|Any CPU
		{E6E783FD-4814-429C-9359-D29B4E9AE24F}.Debug|Any CPU.ActiveCfg = Debug|Any CPU
		{E6E783FD-4814-429C-9359-D29B4E9AE24F}.Debug|Any CPU.Build.0 = Debug|Any CPU
		{E6E783FD-4814-429C-9359-D29B4E9AE24F}.Debug|Mixed Platforms.ActiveCfg = Debug|Any CPU
		{E6E783FD-4814-429C-9359-D29B4E9AE24F}.Debug|Mixed Platforms.Build.0 = Debug|Any CPU
		{E6E783FD-4814-429C-9359-D29B4E9AE24F}.Debug|Win32.ActiveCfg = Debug|Any CPU
		{E6E783FD-4814-429C-9359-D29B4E9AE24F}.Default|.NET.ActiveCfg = Debug|Any CPU
		{E6E783FD-4814-429C-9359-D29B4E9AE24F}.Default|Any CPU.ActiveCfg = Debug|Any CPU
		{E6E783FD-4814-429C-9359-D29B4E9AE24F}.Default|Any CPU.Build.0 = Debug|Any CPU
		{E6E783FD-4814-429C-9359-D29B4E9AE24F}.Default|Mixed Platforms.ActiveCfg = Debug|Any CPU
		{E6E783FD-4814-429C-9359-D29B4E9AE24F}.Default|Mixed Platforms.Build.0 = Debug|Any CPU
		{E6E783FD-4814-429C-9359-D29B4E9AE24F}.Default|Win32.ActiveCfg = Debug|Any CPU
		{E6E783FD-4814-429C-9359-D29B4E9AE24F}.Release|.NET.ActiveCfg = Release|Any CPU
		{E6E783FD-4814-429C-9359-D29B4E9AE24F}.Release|Any CPU.ActiveCfg = Release|Any CPU
		{E6E783FD-4814-429C-9359-D29B4E9AE24F}.Release|Any CPU.Build.0 = Release|Any CPU
		{E6E783FD-4814-429C-9359-D29B4E9AE24F}.Release|Mixed Platforms.ActiveCfg = Release|Any CPU
		{E6E783FD-4814-429C-9359-D29B4E9AE24F}.Release|Mixed Platforms.Build.0 = Release|Any CPU
		{E6E783FD-4814-429C-9359-D29B4E9AE24F}.Release|Win32.ActiveCfg = Release|Any CPU
		{A740596A-E101-4572-9724-512B46B7491E}.Debug|.NET.ActiveCfg = Debug|Any CPU
		{A740596A-E101-4572-9724-512B46B7491E}.Debug|Any CPU.ActiveCfg = Debug|Any CPU
		{A740596A-E101-4572-9724-512B46B7491E}.Debug|Any CPU.Build.0 = Debug|Any CPU
		{A740596A-E101-4572-9724-512B46B7491E}.Debug|Mixed Platforms.ActiveCfg = Debug|Any CPU
		{A740596A-E101-4572-9724-512B46B7491E}.Debug|Mixed Platforms.Build.0 = Debug|Any CPU
		{A740596A-E101-4572-9724-512B46B7491E}.Debug|Win32.ActiveCfg = Debug|Any CPU
		{A740596A-E101-4572-9724-512B46B7491E}.Default|.NET.ActiveCfg = Debug|Any CPU
		{A740596A-E101-4572-9724-512B46B7491E}.Default|Any CPU.ActiveCfg = Debug|Any CPU
		{A740596A-E101-4572-9724-512B46B7491E}.Default|Any CPU.Build.0 = Debug|Any CPU
		{A740596A-E101-4572-9724-512B46B7491E}.Default|Mixed Platforms.ActiveCfg = Debug|Any CPU
		{A740596A-E101-4572-9724-512B46B7491E}.Default|Mixed Platforms.Build.0 = Debug|Any CPU
		{A740596A-E101-4572-9724-512B46B7491E}.Default|Win32.ActiveCfg = Debug|Any CPU
		{A740596A-E101-4572-9724-512B46B7491E}.Release|.NET.ActiveCfg = Release|Any CPU
		{A740596A-E101-4572-9724-512B46B7491E}.Release|Any CPU.ActiveCfg = Release|Any CPU
		{A740596A-E101-4572-9724-512B46B7491E}.Release|Any CPU.Build.0 = Release|Any CPU
		{A740596A-E101-4572-9724-512B46B7491E}.Release|Mixed Platforms.ActiveCfg = Release|Any CPU
		{A740596A-E101-4572-9724-512B46B7491E}.Release|Mixed Platforms.Build.0 = Release|Any CPU
		{A740596A-E101-4572-9724-512B46B7491E}.Release|Win32.ActiveCfg = Release|Any CPU
		{CCEE6ADF-ACAF-480C-9193-304EC5016CD6}.Debug|.NET.ActiveCfg = Debug|Any CPU
		{CCEE6ADF-ACAF-480C-9193-304EC5016CD6}.Debug|Any CPU.ActiveCfg = Debug|Any CPU
		{CCEE6ADF-ACAF-480C-9193-304EC5016CD6}.Debug|Any CPU.Build.0 = Debug|Any CPU
		{CCEE6ADF-ACAF-480C-9193-304EC5016CD6}.Debug|Mixed Platforms.ActiveCfg = Debug|Any CPU
		{CCEE6ADF-ACAF-480C-9193-304EC5016CD6}.Debug|Mixed Platforms.Build.0 = Debug|Any CPU
		{CCEE6ADF-ACAF-480C-9193-304EC5016CD6}.Debug|Win32.ActiveCfg = Debug|Any CPU
		{CCEE6ADF-ACAF-480C-9193-304EC5016CD6}.Default|.NET.ActiveCfg = Debug|Any CPU
		{CCEE6ADF-ACAF-480C-9193-304EC5016CD6}.Default|Any CPU.ActiveCfg = Debug|Any CPU
		{CCEE6ADF-ACAF-480C-9193-304EC5016CD6}.Default|Any CPU.Build.0 = Debug|Any CPU
		{CCEE6ADF-ACAF-480C-9193-304EC5016CD6}.Default|Mixed Platforms.ActiveCfg = Debug|Any CPU
		{CCEE6ADF-ACAF-480C-9193-304EC5016CD6}.Default|Mixed Platforms.Build.0 = Debug|Any CPU
		{CCEE6ADF-ACAF-480C-9193-304EC5016CD6}.Default|Win32.ActiveCfg = Debug|Any CPU
		{CCEE6ADF-ACAF-480C-9193-304EC5016CD6}.Release|.NET.ActiveCfg = Release|Any CPU
		{CCEE6ADF-ACAF-480C-9193-304EC5016CD6}.Release|Any CPU.ActiveCfg = Release|Any CPU
		{CCEE6ADF-ACAF-480C-9193-304EC5016CD6}.Release|Any CPU.Build.0 = Release|Any CPU
		{CCEE6ADF-ACAF-480C-9193-304EC5016CD6}.Release|Mixed Platforms.ActiveCfg = Release|Any CPU
		{CCEE6ADF-ACAF-480C-9193-304EC5016CD6}.Release|Mixed Platforms.Build.0 = Release|Any CPU
		{CCEE6ADF-ACAF-480C-9193-304EC5016CD6}.Release|Win32.ActiveCfg = Release|Any CPU
		{AAB48088-4572-4CFD-BD5A-73E0477DF5D0}.Debug|.NET.ActiveCfg = Debug|Any CPU
		{AAB48088-4572-4CFD-BD5A-73E0477DF5D0}.Debug|Any CPU.ActiveCfg = Debug|Any CPU
		{AAB48088-4572-4CFD-BD5A-73E0477DF5D0}.Debug|Any CPU.Build.0 = Debug|Any CPU
		{AAB48088-4572-4CFD-BD5A-73E0477DF5D0}.Debug|Mixed Platforms.ActiveCfg = Debug|Any CPU
		{AAB48088-4572-4CFD-BD5A-73E0477DF5D0}.Debug|Mixed Platforms.Build.0 = Debug|Any CPU
		{AAB48088-4572-4CFD-BD5A-73E0477DF5D0}.Debug|Win32.ActiveCfg = Debug|Any CPU
		{AAB48088-4572-4CFD-BD5A-73E0477DF5D0}.Default|.NET.ActiveCfg = Debug|Any CPU
		{AAB48088-4572-4CFD-BD5A-73E0477DF5D0}.Default|Any CPU.ActiveCfg = Debug|Any CPU
		{AAB48088-4572-4CFD-BD5A-73E0477DF5D0}.Default|Any CPU.Build.0 = Debug|Any CPU
		{AAB48088-4572-4CFD-BD5A-73E0477DF5D0}.Default|Mixed Platforms.ActiveCfg = Debug|Any CPU
		{AAB48088-4572-4CFD-BD5A-73E0477DF5D0}.Default|Mixed Platforms.Build.0 = Debug|Any CPU
		{AAB48088-4572-4CFD-BD5A-73E0477DF5D0}.Default|Win32.ActiveCfg = Debug|Any CPU
		{AAB48088-4572-4CFD-BD5A-73E0477DF5D0}.Release|.NET.ActiveCfg = Release|Any CPU
		{AAB48088-4572-4CFD-BD5A-73E0477DF5D0}.Release|Any CPU.ActiveCfg = Release|Any CPU
		{AAB48088-4572-4CFD-BD5A-73E0477DF5D0}.Release|Any CPU.Build.0 = Release|Any CPU
		{AAB48088-4572-4CFD-BD5A-73E0477DF5D0}.Release|Mixed Platforms.ActiveCfg = Release|Any CPU
		{AAB48088-4572-4CFD-BD5A-73E0477DF5D0}.Release|Mixed Platforms.Build.0 = Release|Any CPU
		{AAB48088-4572-4CFD-BD5A-73E0477DF5D0}.Release|Win32.ActiveCfg = Release|Any CPU
	EndGlobalSection
	GlobalSection(SolutionProperties) = preSolution
		HideSolutionNode = FALSE
	EndGlobalSection
EndGlobal
