
Microsoft Visual Studio Solution File, Format Version 10.00
# Visual Studio 2008
Project("{FAE04EC0-301F-11D3-BF4B-00C04F79EFBC}") = "TCG.Controls", "TCG.Controls\TCG.Controls.csproj", "{BE1EDC52-B2C1-4469-96AE-522BCD397B8D}"
EndProject
Project("{FAE04EC0-301F-11D3-BF4B-00C04F79EFBC}") = "TCG.Data", "TCG.Data\TCG.Data.csproj", "{322D3EF7-CA07-4138-A8BA-7DE45B1C7262}"
EndProject
Project("{FAE04EC0-301F-11D3-BF4B-00C04F79EFBC}") = "TCG.Files", "TCG.Files\TCG.Files.csproj", "{FCECAB97-E391-455E-8266-85D14521CEFB}"
EndProject
Project("{E24C65DC-7377-472B-9ABA-BC803B73C61A}") = "TCG.FilesUI", "TCG.FilesUI\", "{865E4B7E-717C-4280-881D-24F1C8B1F820}"
	ProjectSection(WebsiteProperties) = preProject
		TargetFramework = "2.0"
		Debug.AspNetCompiler.VirtualPath = "/TCG.FilesUI"
		Debug.AspNetCompiler.PhysicalPath = "TCG.FilesUI\"
		Debug.AspNetCompiler.TargetPath = "PrecompiledWeb\TCG.FilesUI\"
		Debug.AspNetCompiler.Updateable = "true"
		Debug.AspNetCompiler.ForceOverwrite = "true"
		Debug.AspNetCompiler.FixedNames = "false"
		Debug.AspNetCompiler.Debug = "True"
		Release.AspNetCompiler.VirtualPath = "/TCG.FilesUI"
		Release.AspNetCompiler.PhysicalPath = "TCG.FilesUI\"
		Release.AspNetCompiler.TargetPath = "PrecompiledWeb\TCG.FilesUI\"
		Release.AspNetCompiler.Updateable = "true"
		Release.AspNetCompiler.ForceOverwrite = "true"
		Release.AspNetCompiler.FixedNames = "false"
		Release.AspNetCompiler.Debug = "False"
		VWDPort = "59380"
	EndProjectSection
EndProject
Project("{FAE04EC0-301F-11D3-BF4B-00C04F79EFBC}") = "TCG.Manage", "TCG.Manage\TCG.Manage.csproj", "{6C22537A-90F1-4169-9261-102B75346CEC}"
EndProject
Project("{FAE04EC0-301F-11D3-BF4B-00C04F79EFBC}") = "TCG.News", "TCG.News\TCG.News.csproj", "{02750DA5-7DF5-4B90-890E-7EC9C9E32DAF}"
EndProject
Project("{FAE04EC0-301F-11D3-BF4B-00C04F79EFBC}") = "TCG.Release", "TCG.Release\TCG.Release.csproj", "{7B10337D-32C6-48BE-8C7D-68B7D9D95B91}"
EndProject
Project("{FAE04EC0-301F-11D3-BF4B-00C04F79EFBC}") = "TCG.Scripts", "TCG.Scripts\TCG.Scripts.csproj", "{81FBD613-1B01-43CC-8642-4D5AA7028C64}"
EndProject
Project("{FAE04EC0-301F-11D3-BF4B-00C04F79EFBC}") = "TCG.TCGTagReader", "TCG.TCGTagReader\TCG.TCGTagReader.csproj", "{FC6DB84F-5DF5-4872-88EF-5B7F33CD77A7}"
EndProject
Project("{FAE04EC0-301F-11D3-BF4B-00C04F79EFBC}") = "TCG.Template", "TCG.Template\TCG.Template.csproj", "{255EA1B1-F597-4047-B9C1-7688668B5BD6}"
EndProject
Project("{FAE04EC0-301F-11D3-BF4B-00C04F79EFBC}") = "TCG.Utils", "TCG.Utils\TCG.Utils.csproj", "{D2738357-0BA8-4F82-8278-0B88EFB0EF66}"
EndProject
Project("{FAE04EC0-301F-11D3-BF4B-00C04F79EFBC}") = "TCG.KeyWordSplit", "TCG.KeyWordSplit\TCG.KeyWordSplit.csproj", "{B151A9AB-28A9-4343-B1BA-62825DE9DDE4}"
EndProject
Project("{E24C65DC-7377-472B-9ABA-BC803B73C61A}") = "Manage", "Manage\", "{F4F53022-3AB5-4C95-A8B3-F45BFFFF7FED}"
	ProjectSection(WebsiteProperties) = preProject
		TargetFramework = "3.5"
		ProjectReferences = "{6C22537A-90F1-4169-9261-102B75346CEC}|TCG.Manage.dll;{BE1EDC52-B2C1-4469-96AE-522BCD397B8D}|TCG.Controls.dll;{322D3EF7-CA07-4138-A8BA-7DE45B1C7262}|TCG.Data.dll;{255EA1B1-F597-4047-B9C1-7688668B5BD6}|TCG.Template.dll;{D2738357-0BA8-4F82-8278-0B88EFB0EF66}|TCG.Utils.dll;{02750DA5-7DF5-4B90-890E-7EC9C9E32DAF}|TCG.News.dll;{81FBD613-1B01-43CC-8642-4D5AA7028C64}|TCG.Scripts.dll;{563C9F18-3B0A-4A7E-8D9B-A971304DD439}|TCG.Logic.dll;"
		Debug.AspNetCompiler.VirtualPath = "/Manage"
		Debug.AspNetCompiler.PhysicalPath = "Manage\"
		Debug.AspNetCompiler.TargetPath = "PrecompiledWeb\Manage\"
		Debug.AspNetCompiler.Updateable = "true"
		Debug.AspNetCompiler.ForceOverwrite = "true"
		Debug.AspNetCompiler.FixedNames = "false"
		Debug.AspNetCompiler.Debug = "True"
		Release.AspNetCompiler.VirtualPath = "/Manage"
		Release.AspNetCompiler.PhysicalPath = "Manage\"
		Release.AspNetCompiler.TargetPath = "PrecompiledWeb\Manage\"
		Release.AspNetCompiler.Updateable = "true"
		Release.AspNetCompiler.ForceOverwrite = "true"
		Release.AspNetCompiler.FixedNames = "false"
		Release.AspNetCompiler.Debug = "False"
	EndProjectSection
EndProject
Project("{FAE04EC0-301F-11D3-BF4B-00C04F79EFBC}") = "TCG.Logic", "TCG.Logic\TCG.Logic.csproj", "{563C9F18-3B0A-4A7E-8D9B-A971304DD439}"
EndProject
Project("{2CFEAB61-6A3B-4EB8-B523-560B4BEEF521}") = "TCG.Manage.WEBUI", "TCG.Manage.WEBUI\TCG.Manage.WEBUI.wdproj", "{D0BE302D-B6D4-427F-9794-3875D719BDF8}"
EndProject
Project("{FAE04EC0-301F-11D3-BF4B-00C04F79EFBC}") = "TCG.Page", "TCG.Page\TCG.Page.csproj", "{812DDE97-3E93-42A3-B5E9-81997139F718}"
EndProject
Global
	GlobalSection(SolutionConfigurationPlatforms) = preSolution
		Debug|.NET = Debug|.NET
		Debug|Any CPU = Debug|Any CPU
		Debug|Mixed Platforms = Debug|Mixed Platforms
		Debug|Win32 = Debug|Win32
		Default|.NET = Default|.NET
		Default|Any CPU = Default|Any CPU
		Default|Mixed Platforms = Default|Mixed Platforms
		Default|Win32 = Default|Win32
		Release|.NET = Release|.NET
		Release|Any CPU = Release|Any CPU
		Release|Mixed Platforms = Release|Mixed Platforms
		Release|Win32 = Release|Win32
	EndGlobalSection
	GlobalSection(ProjectConfigurationPlatforms) = postSolution
		{BE1EDC52-B2C1-4469-96AE-522BCD397B8D}.Debug|.NET.ActiveCfg = Debug|Any CPU
		{BE1EDC52-B2C1-4469-96AE-522BCD397B8D}.Debug|Any CPU.ActiveCfg = Debug|Any CPU
		{BE1EDC52-B2C1-4469-96AE-522BCD397B8D}.Debug|Any CPU.Build.0 = Debug|Any CPU
		{BE1EDC52-B2C1-4469-96AE-522BCD397B8D}.Debug|Mixed Platforms.ActiveCfg = Debug|Any CPU
		{BE1EDC52-B2C1-4469-96AE-522BCD397B8D}.Debug|Mixed Platforms.Build.0 = Debug|Any CPU
		{BE1EDC52-B2C1-4469-96AE-522BCD397B8D}.Debug|Win32.ActiveCfg = Debug|Any CPU
		{BE1EDC52-B2C1-4469-96AE-522BCD397B8D}.Default|.NET.ActiveCfg = Debug|Any CPU
		{BE1EDC52-B2C1-4469-96AE-522BCD397B8D}.Default|Any CPU.ActiveCfg = Debug|Any CPU
		{BE1EDC52-B2C1-4469-96AE-522BCD397B8D}.Default|Any CPU.Build.0 = Debug|Any CPU
		{BE1EDC52-B2C1-4469-96AE-522BCD397B8D}.Default|Mixed Platforms.ActiveCfg = Debug|Any CPU
		{BE1EDC52-B2C1-4469-96AE-522BCD397B8D}.Default|Mixed Platforms.Build.0 = Debug|Any CPU
		{BE1EDC52-B2C1-4469-96AE-522BCD397B8D}.Default|Win32.ActiveCfg = Debug|Any CPU
		{BE1EDC52-B2C1-4469-96AE-522BCD397B8D}.Release|.NET.ActiveCfg = Release|Any CPU
		{BE1EDC52-B2C1-4469-96AE-522BCD397B8D}.Release|Any CPU.ActiveCfg = Release|Any CPU
		{BE1EDC52-B2C1-4469-96AE-522BCD397B8D}.Release|Any CPU.Build.0 = Release|Any CPU
		{BE1EDC52-B2C1-4469-96AE-522BCD397B8D}.Release|Mixed Platforms.ActiveCfg = Release|Any CPU
		{BE1EDC52-B2C1-4469-96AE-522BCD397B8D}.Release|Mixed Platforms.Build.0 = Release|Any CPU
		{BE1EDC52-B2C1-4469-96AE-522BCD397B8D}.Release|Win32.ActiveCfg = Release|Any CPU
		{322D3EF7-CA07-4138-A8BA-7DE45B1C7262}.Debug|.NET.ActiveCfg = Debug|Any CPU
		{322D3EF7-CA07-4138-A8BA-7DE45B1C7262}.Debug|Any CPU.ActiveCfg = Debug|Any CPU
		{322D3EF7-CA07-4138-A8BA-7DE45B1C7262}.Debug|Any CPU.Build.0 = Debug|Any CPU
		{322D3EF7-CA07-4138-A8BA-7DE45B1C7262}.Debug|Mixed Platforms.ActiveCfg = Debug|Any CPU
		{322D3EF7-CA07-4138-A8BA-7DE45B1C7262}.Debug|Mixed Platforms.Build.0 = Debug|Any CPU
		{322D3EF7-CA07-4138-A8BA-7DE45B1C7262}.Debug|Win32.ActiveCfg = Debug|Any CPU
		{322D3EF7-CA07-4138-A8BA-7DE45B1C7262}.Default|.NET.ActiveCfg = Debug|Any CPU
		{322D3EF7-CA07-4138-A8BA-7DE45B1C7262}.Default|Any CPU.ActiveCfg = Debug|Any CPU
		{322D3EF7-CA07-4138-A8BA-7DE45B1C7262}.Default|Any CPU.Build.0 = Debug|Any CPU
		{322D3EF7-CA07-4138-A8BA-7DE45B1C7262}.Default|Mixed Platforms.ActiveCfg = Debug|Any CPU
		{322D3EF7-CA07-4138-A8BA-7DE45B1C7262}.Default|Mixed Platforms.Build.0 = Debug|Any CPU
		{322D3EF7-CA07-4138-A8BA-7DE45B1C7262}.Default|Win32.ActiveCfg = Debug|Any CPU
		{322D3EF7-CA07-4138-A8BA-7DE45B1C7262}.Release|.NET.ActiveCfg = Release|Any CPU
		{322D3EF7-CA07-4138-A8BA-7DE45B1C7262}.Release|Any CPU.ActiveCfg = Release|Any CPU
		{322D3EF7-CA07-4138-A8BA-7DE45B1C7262}.Release|Any CPU.Build.0 = Release|Any CPU
		{322D3EF7-CA07-4138-A8BA-7DE45B1C7262}.Release|Mixed Platforms.ActiveCfg = Release|Any CPU
		{322D3EF7-CA07-4138-A8BA-7DE45B1C7262}.Release|Mixed Platforms.Build.0 = Release|Any CPU
		{322D3EF7-CA07-4138-A8BA-7DE45B1C7262}.Release|Win32.ActiveCfg = Release|Any CPU
		{FCECAB97-E391-455E-8266-85D14521CEFB}.Debug|.NET.ActiveCfg = Debug|Any CPU
		{FCECAB97-E391-455E-8266-85D14521CEFB}.Debug|Any CPU.ActiveCfg = Debug|Any CPU
		{FCECAB97-E391-455E-8266-85D14521CEFB}.Debug|Any CPU.Build.0 = Debug|Any CPU
		{FCECAB97-E391-455E-8266-85D14521CEFB}.Debug|Mixed Platforms.ActiveCfg = Debug|Any CPU
		{FCECAB97-E391-455E-8266-85D14521CEFB}.Debug|Mixed Platforms.Build.0 = Debug|Any CPU
		{FCECAB97-E391-455E-8266-85D14521CEFB}.Debug|Win32.ActiveCfg = Debug|Any CPU
		{FCECAB97-E391-455E-8266-85D14521CEFB}.Default|.NET.ActiveCfg = Debug|Any CPU
		{FCECAB97-E391-455E-8266-85D14521CEFB}.Default|Any CPU.ActiveCfg = Debug|Any CPU
		{FCECAB97-E391-455E-8266-85D14521CEFB}.Default|Any CPU.Build.0 = Debug|Any CPU
		{FCECAB97-E391-455E-8266-85D14521CEFB}.Default|Mixed Platforms.ActiveCfg = Debug|Any CPU
		{FCECAB97-E391-455E-8266-85D14521CEFB}.Default|Mixed Platforms.Build.0 = Debug|Any CPU
		{FCECAB97-E391-455E-8266-85D14521CEFB}.Default|Win32.ActiveCfg = Debug|Any CPU
		{FCECAB97-E391-455E-8266-85D14521CEFB}.Release|.NET.ActiveCfg = Release|Any CPU
		{FCECAB97-E391-455E-8266-85D14521CEFB}.Release|Any CPU.ActiveCfg = Release|Any CPU
		{FCECAB97-E391-455E-8266-85D14521CEFB}.Release|Any CPU.Build.0 = Release|Any CPU
		{FCECAB97-E391-455E-8266-85D14521CEFB}.Release|Mixed Platforms.ActiveCfg = Release|Any CPU
		{FCECAB97-E391-455E-8266-85D14521CEFB}.Release|Mixed Platforms.Build.0 = Release|Any CPU
		{FCECAB97-E391-455E-8266-85D14521CEFB}.Release|Win32.ActiveCfg = Release|Any CPU
		{865E4B7E-717C-4280-881D-24F1C8B1F820}.Debug|.NET.ActiveCfg = Debug|.NET
		{865E4B7E-717C-4280-881D-24F1C8B1F820}.Debug|.NET.Build.0 = Debug|.NET
		{865E4B7E-717C-4280-881D-24F1C8B1F820}.Debug|Any CPU.ActiveCfg = Debug|.NET
		{865E4B7E-717C-4280-881D-24F1C8B1F820}.Debug|Mixed Platforms.ActiveCfg = Debug|.NET
		{865E4B7E-717C-4280-881D-24F1C8B1F820}.Debug|Mixed Platforms.Build.0 = Debug|.NET
		{865E4B7E-717C-4280-881D-24F1C8B1F820}.Debug|Win32.ActiveCfg = Debug|.NET
		{865E4B7E-717C-4280-881D-24F1C8B1F820}.Default|.NET.ActiveCfg = Debug|.NET
		{865E4B7E-717C-4280-881D-24F1C8B1F820}.Default|.NET.Build.0 = Debug|.NET
		{865E4B7E-717C-4280-881D-24F1C8B1F820}.Default|Any CPU.ActiveCfg = Debug|.NET
		{865E4B7E-717C-4280-881D-24F1C8B1F820}.Default|Mixed Platforms.ActiveCfg = Debug|.NET
		{865E4B7E-717C-4280-881D-24F1C8B1F820}.Default|Mixed Platforms.Build.0 = Debug|.NET
		{865E4B7E-717C-4280-881D-24F1C8B1F820}.Default|Win32.ActiveCfg = Debug|.NET
		{865E4B7E-717C-4280-881D-24F1C8B1F820}.Release|.NET.ActiveCfg = Debug|.NET
		{865E4B7E-717C-4280-881D-24F1C8B1F820}.Release|.NET.Build.0 = Debug|.NET
		{865E4B7E-717C-4280-881D-24F1C8B1F820}.Release|Any CPU.ActiveCfg = Debug|.NET
		{865E4B7E-717C-4280-881D-24F1C8B1F820}.Release|Mixed Platforms.ActiveCfg = Debug|.NET
		{865E4B7E-717C-4280-881D-24F1C8B1F820}.Release|Mixed Platforms.Build.0 = Debug|.NET
		{865E4B7E-717C-4280-881D-24F1C8B1F820}.Release|Win32.ActiveCfg = Debug|.NET
		{6C22537A-90F1-4169-9261-102B75346CEC}.Debug|.NET.ActiveCfg = Debug|Any CPU
		{6C22537A-90F1-4169-9261-102B75346CEC}.Debug|Any CPU.ActiveCfg = Debug|Any CPU
		{6C22537A-90F1-4169-9261-102B75346CEC}.Debug|Any CPU.Build.0 = Debug|Any CPU
		{6C22537A-90F1-4169-9261-102B75346CEC}.Debug|Mixed Platforms.ActiveCfg = Debug|Any CPU
		{6C22537A-90F1-4169-9261-102B75346CEC}.Debug|Mixed Platforms.Build.0 = Debug|Any CPU
		{6C22537A-90F1-4169-9261-102B75346CEC}.Debug|Win32.ActiveCfg = Debug|Any CPU
		{6C22537A-90F1-4169-9261-102B75346CEC}.Default|.NET.ActiveCfg = Debug|Any CPU
		{6C22537A-90F1-4169-9261-102B75346CEC}.Default|Any CPU.ActiveCfg = Debug|Any CPU
		{6C22537A-90F1-4169-9261-102B75346CEC}.Default|Any CPU.Build.0 = Debug|Any CPU
		{6C22537A-90F1-4169-9261-102B75346CEC}.Default|Mixed Platforms.ActiveCfg = Debug|Any CPU
		{6C22537A-90F1-4169-9261-102B75346CEC}.Default|Mixed Platforms.Build.0 = Debug|Any CPU
		{6C22537A-90F1-4169-9261-102B75346CEC}.Default|Win32.ActiveCfg = Debug|Any CPU
		{6C22537A-90F1-4169-9261-102B75346CEC}.Release|.NET.ActiveCfg = Release|Any CPU
		{6C22537A-90F1-4169-9261-102B75346CEC}.Release|Any CPU.ActiveCfg = Release|Any CPU
		{6C22537A-90F1-4169-9261-102B75346CEC}.Release|Any CPU.Build.0 = Release|Any CPU
		{6C22537A-90F1-4169-9261-102B75346CEC}.Release|Mixed Platforms.ActiveCfg = Release|Any CPU
		{6C22537A-90F1-4169-9261-102B75346CEC}.Release|Mixed Platforms.Build.0 = Release|Any CPU
		{6C22537A-90F1-4169-9261-102B75346CEC}.Release|Win32.ActiveCfg = Release|Any CPU
		{02750DA5-7DF5-4B90-890E-7EC9C9E32DAF}.Debug|.NET.ActiveCfg = Debug|Any CPU
		{02750DA5-7DF5-4B90-890E-7EC9C9E32DAF}.Debug|Any CPU.ActiveCfg = Debug|Any CPU
		{02750DA5-7DF5-4B90-890E-7EC9C9E32DAF}.Debug|Any CPU.Build.0 = Debug|Any CPU
		{02750DA5-7DF5-4B90-890E-7EC9C9E32DAF}.Debug|Mixed Platforms.ActiveCfg = Debug|Any CPU
		{02750DA5-7DF5-4B90-890E-7EC9C9E32DAF}.Debug|Mixed Platforms.Build.0 = Debug|Any CPU
		{02750DA5-7DF5-4B90-890E-7EC9C9E32DAF}.Debug|Win32.ActiveCfg = Debug|Any CPU
		{02750DA5-7DF5-4B90-890E-7EC9C9E32DAF}.Default|.NET.ActiveCfg = Debug|Any CPU
		{02750DA5-7DF5-4B90-890E-7EC9C9E32DAF}.Default|Any CPU.ActiveCfg = Debug|Any CPU
		{02750DA5-7DF5-4B90-890E-7EC9C9E32DAF}.Default|Any CPU.Build.0 = Debug|Any CPU
		{02750DA5-7DF5-4B90-890E-7EC9C9E32DAF}.Default|Mixed Platforms.ActiveCfg = Debug|Any CPU
		{02750DA5-7DF5-4B90-890E-7EC9C9E32DAF}.Default|Mixed Platforms.Build.0 = Debug|Any CPU
		{02750DA5-7DF5-4B90-890E-7EC9C9E32DAF}.Default|Win32.ActiveCfg = Debug|Any CPU
		{02750DA5-7DF5-4B90-890E-7EC9C9E32DAF}.Release|.NET.ActiveCfg = Release|Any CPU
		{02750DA5-7DF5-4B90-890E-7EC9C9E32DAF}.Release|Any CPU.ActiveCfg = Release|Any CPU
		{02750DA5-7DF5-4B90-890E-7EC9C9E32DAF}.Release|Any CPU.Build.0 = Release|Any CPU
		{02750DA5-7DF5-4B90-890E-7EC9C9E32DAF}.Release|Mixed Platforms.ActiveCfg = Release|Any CPU
		{02750DA5-7DF5-4B90-890E-7EC9C9E32DAF}.Release|Mixed Platforms.Build.0 = Release|Any CPU
		{02750DA5-7DF5-4B90-890E-7EC9C9E32DAF}.Release|Win32.ActiveCfg = Release|Any CPU
		{7B10337D-32C6-48BE-8C7D-68B7D9D95B91}.Debug|.NET.ActiveCfg = Debug|Any CPU
		{7B10337D-32C6-48BE-8C7D-68B7D9D95B91}.Debug|Any CPU.ActiveCfg = Debug|Any CPU
		{7B10337D-32C6-48BE-8C7D-68B7D9D95B91}.Debug|Any CPU.Build.0 = Debug|Any CPU
		{7B10337D-32C6-48BE-8C7D-68B7D9D95B91}.Debug|Mixed Platforms.ActiveCfg = Debug|Any CPU
		{7B10337D-32C6-48BE-8C7D-68B7D9D95B91}.Debug|Mixed Platforms.Build.0 = Debug|Any CPU
		{7B10337D-32C6-48BE-8C7D-68B7D9D95B91}.Debug|Win32.ActiveCfg = Debug|Any CPU
		{7B10337D-32C6-48BE-8C7D-68B7D9D95B91}.Default|.NET.ActiveCfg = Debug|Any CPU
		{7B10337D-32C6-48BE-8C7D-68B7D9D95B91}.Default|Any CPU.ActiveCfg = Debug|Any CPU
		{7B10337D-32C6-48BE-8C7D-68B7D9D95B91}.Default|Any CPU.Build.0 = Debug|Any CPU
		{7B10337D-32C6-48BE-8C7D-68B7D9D95B91}.Default|Mixed Platforms.ActiveCfg = Debug|Any CPU
		{7B10337D-32C6-48BE-8C7D-68B7D9D95B91}.Default|Mixed Platforms.Build.0 = Debug|Any CPU
		{7B10337D-32C6-48BE-8C7D-68B7D9D95B91}.Default|Win32.ActiveCfg = Debug|Any CPU
		{7B10337D-32C6-48BE-8C7D-68B7D9D95B91}.Release|.NET.ActiveCfg = Release|Any CPU
		{7B10337D-32C6-48BE-8C7D-68B7D9D95B91}.Release|Any CPU.ActiveCfg = Release|Any CPU
		{7B10337D-32C6-48BE-8C7D-68B7D9D95B91}.Release|Any CPU.Build.0 = Release|Any CPU
		{7B10337D-32C6-48BE-8C7D-68B7D9D95B91}.Release|Mixed Platforms.ActiveCfg = Release|Any CPU
		{7B10337D-32C6-48BE-8C7D-68B7D9D95B91}.Release|Mixed Platforms.Build.0 = Release|Any CPU
		{7B10337D-32C6-48BE-8C7D-68B7D9D95B91}.Release|Win32.ActiveCfg = Release|Any CPU
		{81FBD613-1B01-43CC-8642-4D5AA7028C64}.Debug|.NET.ActiveCfg = Debug|Any CPU
		{81FBD613-1B01-43CC-8642-4D5AA7028C64}.Debug|Any CPU.ActiveCfg = Debug|Any CPU
		{81FBD613-1B01-43CC-8642-4D5AA7028C64}.Debug|Any CPU.Build.0 = Debug|Any CPU
		{81FBD613-1B01-43CC-8642-4D5AA7028C64}.Debug|Mixed Platforms.ActiveCfg = Debug|Any CPU
		{81FBD613-1B01-43CC-8642-4D5AA7028C64}.Debug|Mixed Platforms.Build.0 = Debug|Any CPU
		{81FBD613-1B01-43CC-8642-4D5AA7028C64}.Debug|Win32.ActiveCfg = Debug|Any CPU
		{81FBD613-1B01-43CC-8642-4D5AA7028C64}.Default|.NET.ActiveCfg = Debug|Any CPU
		{81FBD613-1B01-43CC-8642-4D5AA7028C64}.Default|Any CPU.ActiveCfg = Debug|Any CPU
		{81FBD613-1B01-43CC-8642-4D5AA7028C64}.Default|Any CPU.Build.0 = Debug|Any CPU
		{81FBD613-1B01-43CC-8642-4D5AA7028C64}.Default|Mixed Platforms.ActiveCfg = Debug|Any CPU
		{81FBD613-1B01-43CC-8642-4D5AA7028C64}.Default|Mixed Platforms.Build.0 = Debug|Any CPU
		{81FBD613-1B01-43CC-8642-4D5AA7028C64}.Default|Win32.ActiveCfg = Debug|Any CPU
		{81FBD613-1B01-43CC-8642-4D5AA7028C64}.Release|.NET.ActiveCfg = Release|Any CPU
		{81FBD613-1B01-43CC-8642-4D5AA7028C64}.Release|Any CPU.ActiveCfg = Release|Any CPU
		{81FBD613-1B01-43CC-8642-4D5AA7028C64}.Release|Any CPU.Build.0 = Release|Any CPU
		{81FBD613-1B01-43CC-8642-4D5AA7028C64}.Release|Mixed Platforms.ActiveCfg = Release|Any CPU
		{81FBD613-1B01-43CC-8642-4D5AA7028C64}.Release|Mixed Platforms.Build.0 = Release|Any CPU
		{81FBD613-1B01-43CC-8642-4D5AA7028C64}.Release|Win32.ActiveCfg = Release|Any CPU
		{FC6DB84F-5DF5-4872-88EF-5B7F33CD77A7}.Debug|.NET.ActiveCfg = Debug|Any CPU
		{FC6DB84F-5DF5-4872-88EF-5B7F33CD77A7}.Debug|Any CPU.ActiveCfg = Debug|Any CPU
		{FC6DB84F-5DF5-4872-88EF-5B7F33CD77A7}.Debug|Any CPU.Build.0 = Debug|Any CPU
		{FC6DB84F-5DF5-4872-88EF-5B7F33CD77A7}.Debug|Mixed Platforms.ActiveCfg = Debug|Any CPU
		{FC6DB84F-5DF5-4872-88EF-5B7F33CD77A7}.Debug|Mixed Platforms.Build.0 = Debug|Any CPU
		{FC6DB84F-5DF5-4872-88EF-5B7F33CD77A7}.Debug|Win32.ActiveCfg = Debug|Any CPU
		{FC6DB84F-5DF5-4872-88EF-5B7F33CD77A7}.Default|.NET.ActiveCfg = Debug|Any CPU
		{FC6DB84F-5DF5-4872-88EF-5B7F33CD77A7}.Default|Any CPU.ActiveCfg = Debug|Any CPU
		{FC6DB84F-5DF5-4872-88EF-5B7F33CD77A7}.Default|Any CPU.Build.0 = Debug|Any CPU
		{FC6DB84F-5DF5-4872-88EF-5B7F33CD77A7}.Default|Mixed Platforms.ActiveCfg = Debug|Any CPU
		{FC6DB84F-5DF5-4872-88EF-5B7F33CD77A7}.Default|Mixed Platforms.Build.0 = Debug|Any CPU
		{FC6DB84F-5DF5-4872-88EF-5B7F33CD77A7}.Default|Win32.ActiveCfg = Debug|Any CPU
		{FC6DB84F-5DF5-4872-88EF-5B7F33CD77A7}.Release|.NET.ActiveCfg = Release|Any CPU
		{FC6DB84F-5DF5-4872-88EF-5B7F33CD77A7}.Release|Any CPU.ActiveCfg = Release|Any CPU
		{FC6DB84F-5DF5-4872-88EF-5B7F33CD77A7}.Release|Any CPU.Build.0 = Release|Any CPU
		{FC6DB84F-5DF5-4872-88EF-5B7F33CD77A7}.Release|Mixed Platforms.ActiveCfg = Release|Any CPU
		{FC6DB84F-5DF5-4872-88EF-5B7F33CD77A7}.Release|Mixed Platforms.Build.0 = Release|Any CPU
		{FC6DB84F-5DF5-4872-88EF-5B7F33CD77A7}.Release|Win32.ActiveCfg = Release|Any CPU
		{255EA1B1-F597-4047-B9C1-7688668B5BD6}.Debug|.NET.ActiveCfg = Debug|Any CPU
		{255EA1B1-F597-4047-B9C1-7688668B5BD6}.Debug|Any CPU.ActiveCfg = Debug|Any CPU
		{255EA1B1-F597-4047-B9C1-7688668B5BD6}.Debug|Any CPU.Build.0 = Debug|Any CPU
		{255EA1B1-F597-4047-B9C1-7688668B5BD6}.Debug|Mixed Platforms.ActiveCfg = Debug|Any CPU
		{255EA1B1-F597-4047-B9C1-7688668B5BD6}.Debug|Mixed Platforms.Build.0 = Debug|Any CPU
		{255EA1B1-F597-4047-B9C1-7688668B5BD6}.Debug|Win32.ActiveCfg = Debug|Any CPU
		{255EA1B1-F597-4047-B9C1-7688668B5BD6}.Default|.NET.ActiveCfg = Debug|Any CPU
		{255EA1B1-F597-4047-B9C1-7688668B5BD6}.Default|Any CPU.ActiveCfg = Debug|Any CPU
		{255EA1B1-F597-4047-B9C1-7688668B5BD6}.Default|Any CPU.Build.0 = Debug|Any CPU
		{255EA1B1-F597-4047-B9C1-7688668B5BD6}.Default|Mixed Platforms.ActiveCfg = Debug|Any CPU
		{255EA1B1-F597-4047-B9C1-7688668B5BD6}.Default|Mixed Platforms.Build.0 = Debug|Any CPU
		{255EA1B1-F597-4047-B9C1-7688668B5BD6}.Default|Win32.ActiveCfg = Debug|Any CPU
		{255EA1B1-F597-4047-B9C1-7688668B5BD6}.Release|.NET.ActiveCfg = Release|Any CPU
		{255EA1B1-F597-4047-B9C1-7688668B5BD6}.Release|Any CPU.ActiveCfg = Release|Any CPU
		{255EA1B1-F597-4047-B9C1-7688668B5BD6}.Release|Any CPU.Build.0 = Release|Any CPU
		{255EA1B1-F597-4047-B9C1-7688668B5BD6}.Release|Mixed Platforms.ActiveCfg = Release|Any CPU
		{255EA1B1-F597-4047-B9C1-7688668B5BD6}.Release|Mixed Platforms.Build.0 = Release|Any CPU
		{255EA1B1-F597-4047-B9C1-7688668B5BD6}.Release|Win32.ActiveCfg = Release|Any CPU
		{D2738357-0BA8-4F82-8278-0B88EFB0EF66}.Debug|.NET.ActiveCfg = Debug|Any CPU
		{D2738357-0BA8-4F82-8278-0B88EFB0EF66}.Debug|Any CPU.ActiveCfg = Debug|Any CPU
		{D2738357-0BA8-4F82-8278-0B88EFB0EF66}.Debug|Any CPU.Build.0 = Debug|Any CPU
		{D2738357-0BA8-4F82-8278-0B88EFB0EF66}.Debug|Mixed Platforms.ActiveCfg = Debug|Any CPU
		{D2738357-0BA8-4F82-8278-0B88EFB0EF66}.Debug|Mixed Platforms.Build.0 = Debug|Any CPU
		{D2738357-0BA8-4F82-8278-0B88EFB0EF66}.Debug|Win32.ActiveCfg = Debug|Any CPU
		{D2738357-0BA8-4F82-8278-0B88EFB0EF66}.Default|.NET.ActiveCfg = Debug|Any CPU
		{D2738357-0BA8-4F82-8278-0B88EFB0EF66}.Default|Any CPU.ActiveCfg = Debug|Any CPU
		{D2738357-0BA8-4F82-8278-0B88EFB0EF66}.Default|Any CPU.Build.0 = Debug|Any CPU
		{D2738357-0BA8-4F82-8278-0B88EFB0EF66}.Default|Mixed Platforms.ActiveCfg = Debug|Any CPU
		{D2738357-0BA8-4F82-8278-0B88EFB0EF66}.Default|Mixed Platforms.Build.0 = Debug|Any CPU
		{D2738357-0BA8-4F82-8278-0B88EFB0EF66}.Default|Win32.ActiveCfg = Debug|Any CPU
		{D2738357-0BA8-4F82-8278-0B88EFB0EF66}.Release|.NET.ActiveCfg = Release|Any CPU
		{D2738357-0BA8-4F82-8278-0B88EFB0EF66}.Release|Any CPU.ActiveCfg = Release|Any CPU
		{D2738357-0BA8-4F82-8278-0B88EFB0EF66}.Release|Any CPU.Build.0 = Release|Any CPU
		{D2738357-0BA8-4F82-8278-0B88EFB0EF66}.Release|Mixed Platforms.ActiveCfg = Release|Any CPU
		{D2738357-0BA8-4F82-8278-0B88EFB0EF66}.Release|Mixed Platforms.Build.0 = Release|Any CPU
		{D2738357-0BA8-4F82-8278-0B88EFB0EF66}.Release|Win32.ActiveCfg = Release|Any CPU
		{B151A9AB-28A9-4343-B1BA-62825DE9DDE4}.Debug|.NET.ActiveCfg = Debug|Any CPU
		{B151A9AB-28A9-4343-B1BA-62825DE9DDE4}.Debug|Any CPU.ActiveCfg = Debug|Any CPU
		{B151A9AB-28A9-4343-B1BA-62825DE9DDE4}.Debug|Any CPU.Build.0 = Debug|Any CPU
		{B151A9AB-28A9-4343-B1BA-62825DE9DDE4}.Debug|Mixed Platforms.ActiveCfg = Debug|Any CPU
		{B151A9AB-28A9-4343-B1BA-62825DE9DDE4}.Debug|Mixed Platforms.Build.0 = Debug|Any CPU
		{B151A9AB-28A9-4343-B1BA-62825DE9DDE4}.Debug|Win32.ActiveCfg = Debug|Any CPU
		{B151A9AB-28A9-4343-B1BA-62825DE9DDE4}.Default|.NET.ActiveCfg = Debug|Any CPU
		{B151A9AB-28A9-4343-B1BA-62825DE9DDE4}.Default|Any CPU.ActiveCfg = Debug|Any CPU
		{B151A9AB-28A9-4343-B1BA-62825DE9DDE4}.Default|Any CPU.Build.0 = Debug|Any CPU
		{B151A9AB-28A9-4343-B1BA-62825DE9DDE4}.Default|Mixed Platforms.ActiveCfg = Debug|Any CPU
		{B151A9AB-28A9-4343-B1BA-62825DE9DDE4}.Default|Mixed Platforms.Build.0 = Debug|Any CPU
		{B151A9AB-28A9-4343-B1BA-62825DE9DDE4}.Default|Win32.ActiveCfg = Debug|Any CPU
		{B151A9AB-28A9-4343-B1BA-62825DE9DDE4}.Release|.NET.ActiveCfg = Release|Any CPU
		{B151A9AB-28A9-4343-B1BA-62825DE9DDE4}.Release|Any CPU.ActiveCfg = Release|Any CPU
		{B151A9AB-28A9-4343-B1BA-62825DE9DDE4}.Release|Any CPU.Build.0 = Release|Any CPU
		{B151A9AB-28A9-4343-B1BA-62825DE9DDE4}.Release|Mixed Platforms.ActiveCfg = Release|Any CPU
		{B151A9AB-28A9-4343-B1BA-62825DE9DDE4}.Release|Mixed Platforms.Build.0 = Release|Any CPU
		{B151A9AB-28A9-4343-B1BA-62825DE9DDE4}.Release|Win32.ActiveCfg = Release|Any CPU
		{F4F53022-3AB5-4C95-A8B3-F45BFFFF7FED}.Debug|.NET.ActiveCfg = Debug|Any CPU
		{F4F53022-3AB5-4C95-A8B3-F45BFFFF7FED}.Debug|Any CPU.ActiveCfg = Debug|Any CPU
		{F4F53022-3AB5-4C95-A8B3-F45BFFFF7FED}.Debug|Any CPU.Build.0 = Debug|Any CPU
		{F4F53022-3AB5-4C95-A8B3-F45BFFFF7FED}.Debug|Mixed Platforms.ActiveCfg = Debug|Any CPU
		{F4F53022-3AB5-4C95-A8B3-F45BFFFF7FED}.Debug|Mixed Platforms.Build.0 = Debug|Any CPU
		{F4F53022-3AB5-4C95-A8B3-F45BFFFF7FED}.Debug|Win32.ActiveCfg = Debug|Any CPU
		{F4F53022-3AB5-4C95-A8B3-F45BFFFF7FED}.Default|.NET.ActiveCfg = Debug|Any CPU
		{F4F53022-3AB5-4C95-A8B3-F45BFFFF7FED}.Default|Any CPU.ActiveCfg = Debug|Any CPU
		{F4F53022-3AB5-4C95-A8B3-F45BFFFF7FED}.Default|Any CPU.Build.0 = Debug|Any CPU
		{F4F53022-3AB5-4C95-A8B3-F45BFFFF7FED}.Default|Mixed Platforms.ActiveCfg = Debug|Any CPU
		{F4F53022-3AB5-4C95-A8B3-F45BFFFF7FED}.Default|Mixed Platforms.Build.0 = Debug|Any CPU
		{F4F53022-3AB5-4C95-A8B3-F45BFFFF7FED}.Default|Win32.ActiveCfg = Debug|Any CPU
		{F4F53022-3AB5-4C95-A8B3-F45BFFFF7FED}.Release|.NET.ActiveCfg = Debug|Any CPU
		{F4F53022-3AB5-4C95-A8B3-F45BFFFF7FED}.Release|Any CPU.ActiveCfg = Debug|Any CPU
		{F4F53022-3AB5-4C95-A8B3-F45BFFFF7FED}.Release|Any CPU.Build.0 = Debug|Any CPU
		{F4F53022-3AB5-4C95-A8B3-F45BFFFF7FED}.Release|Mixed Platforms.ActiveCfg = Debug|Any CPU
		{F4F53022-3AB5-4C95-A8B3-F45BFFFF7FED}.Release|Mixed Platforms.Build.0 = Debug|Any CPU
		{F4F53022-3AB5-4C95-A8B3-F45BFFFF7FED}.Release|Win32.ActiveCfg = Debug|Any CPU
		{563C9F18-3B0A-4A7E-8D9B-A971304DD439}.Debug|.NET.ActiveCfg = Debug|Any CPU
		{563C9F18-3B0A-4A7E-8D9B-A971304DD439}.Debug|Any CPU.ActiveCfg = Debug|Any CPU
		{563C9F18-3B0A-4A7E-8D9B-A971304DD439}.Debug|Any CPU.Build.0 = Debug|Any CPU
		{563C9F18-3B0A-4A7E-8D9B-A971304DD439}.Debug|Mixed Platforms.ActiveCfg = Debug|Any CPU
		{563C9F18-3B0A-4A7E-8D9B-A971304DD439}.Debug|Mixed Platforms.Build.0 = Debug|Any CPU
		{563C9F18-3B0A-4A7E-8D9B-A971304DD439}.Debug|Win32.ActiveCfg = Debug|Any CPU
		{563C9F18-3B0A-4A7E-8D9B-A971304DD439}.Default|.NET.ActiveCfg = Debug|Any CPU
		{563C9F18-3B0A-4A7E-8D9B-A971304DD439}.Default|Any CPU.ActiveCfg = Debug|Any CPU
		{563C9F18-3B0A-4A7E-8D9B-A971304DD439}.Default|Any CPU.Build.0 = Debug|Any CPU
		{563C9F18-3B0A-4A7E-8D9B-A971304DD439}.Default|Mixed Platforms.ActiveCfg = Debug|Any CPU
		{563C9F18-3B0A-4A7E-8D9B-A971304DD439}.Default|Mixed Platforms.Build.0 = Debug|Any CPU
		{563C9F18-3B0A-4A7E-8D9B-A971304DD439}.Default|Win32.ActiveCfg = Debug|Any CPU
		{563C9F18-3B0A-4A7E-8D9B-A971304DD439}.Release|.NET.ActiveCfg = Release|Any CPU
		{563C9F18-3B0A-4A7E-8D9B-A971304DD439}.Release|Any CPU.ActiveCfg = Release|Any CPU
		{563C9F18-3B0A-4A7E-8D9B-A971304DD439}.Release|Any CPU.Build.0 = Release|Any CPU
		{563C9F18-3B0A-4A7E-8D9B-A971304DD439}.Release|Mixed Platforms.ActiveCfg = Release|Any CPU
		{563C9F18-3B0A-4A7E-8D9B-A971304DD439}.Release|Mixed Platforms.Build.0 = Release|Any CPU
		{563C9F18-3B0A-4A7E-8D9B-A971304DD439}.Release|Win32.ActiveCfg = Release|Any CPU
		{D0BE302D-B6D4-427F-9794-3875D719BDF8}.Debug|.NET.ActiveCfg = Debug|Any CPU
		{D0BE302D-B6D4-427F-9794-3875D719BDF8}.Debug|Any CPU.ActiveCfg = Debug|Any CPU
		{D0BE302D-B6D4-427F-9794-3875D719BDF8}.Debug|Any CPU.Build.0 = Debug|Any CPU
		{D0BE302D-B6D4-427F-9794-3875D719BDF8}.Debug|Mixed Platforms.ActiveCfg = Debug|Any CPU
		{D0BE302D-B6D4-427F-9794-3875D719BDF8}.Debug|Mixed Platforms.Build.0 = Debug|Any CPU
		{D0BE302D-B6D4-427F-9794-3875D719BDF8}.Debug|Win32.ActiveCfg = Debug|Any CPU
		{D0BE302D-B6D4-427F-9794-3875D719BDF8}.Default|.NET.ActiveCfg = Debug|Any CPU
		{D0BE302D-B6D4-427F-9794-3875D719BDF8}.Default|Any CPU.ActiveCfg = Debug|Any CPU
		{D0BE302D-B6D4-427F-9794-3875D719BDF8}.Default|Any CPU.Build.0 = Debug|Any CPU
		{D0BE302D-B6D4-427F-9794-3875D719BDF8}.Default|Mixed Platforms.ActiveCfg = Debug|Any CPU
		{D0BE302D-B6D4-427F-9794-3875D719BDF8}.Default|Mixed Platforms.Build.0 = Debug|Any CPU
		{D0BE302D-B6D4-427F-9794-3875D719BDF8}.Default|Win32.ActiveCfg = Debug|Any CPU
		{D0BE302D-B6D4-427F-9794-3875D719BDF8}.Release|.NET.ActiveCfg = Release|Any CPU
		{D0BE302D-B6D4-427F-9794-3875D719BDF8}.Release|Any CPU.ActiveCfg = Release|Any CPU
		{D0BE302D-B6D4-427F-9794-3875D719BDF8}.Release|Any CPU.Build.0 = Release|Any CPU
		{D0BE302D-B6D4-427F-9794-3875D719BDF8}.Release|Mixed Platforms.ActiveCfg = Release|Any CPU
		{D0BE302D-B6D4-427F-9794-3875D719BDF8}.Release|Mixed Platforms.Build.0 = Release|Any CPU
		{D0BE302D-B6D4-427F-9794-3875D719BDF8}.Release|Win32.ActiveCfg = Release|Any CPU
		{812DDE97-3E93-42A3-B5E9-81997139F718}.Debug|.NET.ActiveCfg = Debug|Any CPU
		{812DDE97-3E93-42A3-B5E9-81997139F718}.Debug|Any CPU.ActiveCfg = Debug|Any CPU
		{812DDE97-3E93-42A3-B5E9-81997139F718}.Debug|Any CPU.Build.0 = Debug|Any CPU
		{812DDE97-3E93-42A3-B5E9-81997139F718}.Debug|Mixed Platforms.ActiveCfg = Debug|Any CPU
		{812DDE97-3E93-42A3-B5E9-81997139F718}.Debug|Mixed Platforms.Build.0 = Debug|Any CPU
		{812DDE97-3E93-42A3-B5E9-81997139F718}.Debug|Win32.ActiveCfg = Debug|Any CPU
		{812DDE97-3E93-42A3-B5E9-81997139F718}.Default|.NET.ActiveCfg = Debug|Any CPU
		{812DDE97-3E93-42A3-B5E9-81997139F718}.Default|Any CPU.ActiveCfg = Debug|Any CPU
		{812DDE97-3E93-42A3-B5E9-81997139F718}.Default|Any CPU.Build.0 = Debug|Any CPU
		{812DDE97-3E93-42A3-B5E9-81997139F718}.Default|Mixed Platforms.ActiveCfg = Debug|Any CPU
		{812DDE97-3E93-42A3-B5E9-81997139F718}.Default|Mixed Platforms.Build.0 = Debug|Any CPU
		{812DDE97-3E93-42A3-B5E9-81997139F718}.Default|Win32.ActiveCfg = Debug|Any CPU
		{812DDE97-3E93-42A3-B5E9-81997139F718}.Release|.NET.ActiveCfg = Release|Any CPU
		{812DDE97-3E93-42A3-B5E9-81997139F718}.Release|Any CPU.ActiveCfg = Release|Any CPU
		{812DDE97-3E93-42A3-B5E9-81997139F718}.Release|Any CPU.Build.0 = Release|Any CPU
		{812DDE97-3E93-42A3-B5E9-81997139F718}.Release|Mixed Platforms.ActiveCfg = Release|Any CPU
		{812DDE97-3E93-42A3-B5E9-81997139F718}.Release|Mixed Platforms.Build.0 = Release|Any CPU
		{812DDE97-3E93-42A3-B5E9-81997139F718}.Release|Win32.ActiveCfg = Release|Any CPU
	EndGlobalSection
	GlobalSection(SolutionProperties) = preSolution
		HideSolutionNode = FALSE
	EndGlobalSection
EndGlobal
